
Microsoft Visual Studio Solution File, Format Version 12.00
# Visual Studio Version 16
VisualStudioVersion = 16.0.30413.136
MinimumVisualStudioVersion = 10.0.40219.1
Project("{FAE04EC0-301F-11D3-BF4B-00C04F79EFBC}") = "LoadTruck", "LoadTruck.csproj", "{1D68BF48-C372-4C7A-A5EB-74458B3AADBE}"
EndProject
Global
	GlobalSection(SolutionConfigurationPlatforms) = preSolution
		Debug|Any CPU = Debug|Any CPU
		Release|Any CPU = Release|Any CPU
	EndGlobalSection
	GlobalSection(ProjectConfigurationPlatforms) = postSolution
		{1D68BF48-C372-4C7A-A5EB-74458B3AADBE}.Debug|Any CPU.ActiveCfg = Debug|Any CPU
		{1D68BF48-C372-4C7A-A5EB-74458B3AADBE}.Debug|Any CPU.Build.0 = Debug|Any CPU
		{1D68BF48-C372-4C7A-A5EB-74458B3AADBE}.Release|Any CPU.ActiveCfg = Release|Any CPU
		{1D68BF48-C372-4C7A-A5EB-74458B3AADBE}.Release|Any CPU.Build.0 = Release|Any CPU
	EndGlobalSection
	GlobalSection(SolutionProperties) = preSolution
		HideSolutionNode = FALSE
	EndGlobalSection
	GlobalSection(ExtensibilityGlobals) = postSolution
		SolutionGuid = {A09A5FCC-3769-4CD4-A32C-13E63D069275}
	EndGlobalSection
EndGlobal
